
Microsoft Visual Studio Solution File, Format Version 12.00
# Visual Studio 15
VisualStudioVersion = 15.0.27428.2037
MinimumVisualStudioVersion = 10.0.40219.1
Project("{2150E333-8FDC-42A3-9474-1A3956D46DE8}") = "common", "common", "{DE29B9FA-A246-43F3-98EA-7D9803C2E3EA}"
EndProject
Project("{FAE04EC0-301F-11D3-BF4B-00C04F79EFBC}") = "Domain", "src\common\Domain\Domain.csproj", "{0F52DF13-6A65-4B03-A593-7BF012B60B2C}"
EndProject
Project("{FAE04EC0-301F-11D3-BF4B-00C04F79EFBC}") = "Infrastructure", "src\common\Infrastructure\Infrastructure.csproj", "{29D38E6D-0321-420A-ACBC-FB382E602F40}"
EndProject
Project("{2150E333-8FDC-42A3-9474-1A3956D46DE8}") = "esdb5", "esdb5", "{49FC4A9B-681E-4604-88CE-D0EE896865A3}"
EndProject
Project("{FAE04EC0-301F-11D3-BF4B-00C04F79EFBC}") = "Infrastructure.ESdb5", "src\esdb5\Infrastructure.ESdb5\Infrastructure.ESdb5.csproj", "{667B80F3-6978-45CB-AA35-834C105815C3}"
EndProject
Project("{FAE04EC0-301F-11D3-BF4B-00C04F79EFBC}") = "TestData.ESdb5.Console", "src\esdb5\TestData.ESdb5.Console\TestData.ESdb5.Console.csproj", "{CF849D0A-56F3-4E19-A66E-EE53E80D987F}"
EndProject
Project("{2150E333-8FDC-42A3-9474-1A3956D46DE8}") = "esdb6", "esdb6", "{05482880-524F-4123-BAEA-954F491652D0}"
EndProject
Project("{FAE04EC0-301F-11D3-BF4B-00C04F79EFBC}") = "Append.Console", "src\esdb6\Append.Console\Append.Console.csproj", "{5318F9B5-BF0B-4A13-943B-9C40B0482C14}"
EndProject
Project("{FAE04EC0-301F-11D3-BF4B-00C04F79EFBC}") = "Infrastructure.ESdb6", "src\esdb6\Infrastructure.ESdb6\Infrastructure.ESdb6.csproj", "{A0AFD42F-1139-483E-9C18-917646399A11}"
EndProject
Project("{FAE04EC0-301F-11D3-BF4B-00C04F79EFBC}") = "TestData.ESdb6.Console", "src\esdb6\TestData.ESdb6.Console\TestData.ESdb6.Console.csproj", "{B2593323-4F12-4D70-92B5-5026D085E701}"
EndProject
Project("{FAE04EC0-301F-11D3-BF4B-00C04F79EFBC}") = "Read.Console", "src\esdb6\Read.Console\Read.Console.csproj", "{65695FD5-66DF-425B-83EC-025B033568C8}"
EndProject
Project("{FAE04EC0-301F-11D3-BF4B-00C04F79EFBC}") = "Subscriptions.Console", "src\esdb5\Subscriptions.Console\Subscriptions.Console.csproj", "{CF54EA6A-55FC-4E1C-9CC4-14B5CCF60796}"
EndProject
Project("{FAE04EC0-301F-11D3-BF4B-00C04F79EFBC}") = "AdvancedRead.Console", "src\esdb5\AdvancedRead.Console\AdvancedRead.Console.csproj", "{C7576355-92BA-4E9C-BE47-05B2B1E3A08B}"
EndProject
Global
	GlobalSection(SolutionConfigurationPlatforms) = preSolution
		Debug|Any CPU = Debug|Any CPU
		Release|Any CPU = Release|Any CPU
	EndGlobalSection
	GlobalSection(ProjectConfigurationPlatforms) = postSolution
		{0F52DF13-6A65-4B03-A593-7BF012B60B2C}.Debug|Any CPU.ActiveCfg = Debug|Any CPU
		{0F52DF13-6A65-4B03-A593-7BF012B60B2C}.Debug|Any CPU.Build.0 = Debug|Any CPU
		{0F52DF13-6A65-4B03-A593-7BF012B60B2C}.Release|Any CPU.ActiveCfg = Release|Any CPU
		{0F52DF13-6A65-4B03-A593-7BF012B60B2C}.Release|Any CPU.Build.0 = Release|Any CPU
		{29D38E6D-0321-420A-ACBC-FB382E602F40}.Debug|Any CPU.ActiveCfg = Debug|Any CPU
		{29D38E6D-0321-420A-ACBC-FB382E602F40}.Debug|Any CPU.Build.0 = Debug|Any CPU
		{29D38E6D-0321-420A-ACBC-FB382E602F40}.Release|Any CPU.ActiveCfg = Release|Any CPU
		{29D38E6D-0321-420A-ACBC-FB382E602F40}.Release|Any CPU.Build.0 = Release|Any CPU
		{667B80F3-6978-45CB-AA35-834C105815C3}.Debug|Any CPU.ActiveCfg = Debug|Any CPU
		{667B80F3-6978-45CB-AA35-834C105815C3}.Debug|Any CPU.Build.0 = Debug|Any CPU
		{667B80F3-6978-45CB-AA35-834C105815C3}.Release|Any CPU.ActiveCfg = Release|Any CPU
		{667B80F3-6978-45CB-AA35-834C105815C3}.Release|Any CPU.Build.0 = Release|Any CPU
		{CF849D0A-56F3-4E19-A66E-EE53E80D987F}.Debug|Any CPU.ActiveCfg = Debug|Any CPU
		{CF849D0A-56F3-4E19-A66E-EE53E80D987F}.Debug|Any CPU.Build.0 = Debug|Any CPU
		{CF849D0A-56F3-4E19-A66E-EE53E80D987F}.Release|Any CPU.ActiveCfg = Release|Any CPU
		{CF849D0A-56F3-4E19-A66E-EE53E80D987F}.Release|Any CPU.Build.0 = Release|Any CPU
		{5318F9B5-BF0B-4A13-943B-9C40B0482C14}.Debug|Any CPU.ActiveCfg = Debug|Any CPU
		{5318F9B5-BF0B-4A13-943B-9C40B0482C14}.Debug|Any CPU.Build.0 = Debug|Any CPU
		{5318F9B5-BF0B-4A13-943B-9C40B0482C14}.Release|Any CPU.ActiveCfg = Release|Any CPU
		{5318F9B5-BF0B-4A13-943B-9C40B0482C14}.Release|Any CPU.Build.0 = Release|Any CPU
		{A0AFD42F-1139-483E-9C18-917646399A11}.Debug|Any CPU.ActiveCfg = Debug|Any CPU
		{A0AFD42F-1139-483E-9C18-917646399A11}.Debug|Any CPU.Build.0 = Debug|Any CPU
		{A0AFD42F-1139-483E-9C18-917646399A11}.Release|Any CPU.ActiveCfg = Release|Any CPU
		{A0AFD42F-1139-483E-9C18-917646399A11}.Release|Any CPU.Build.0 = Release|Any CPU
		{B2593323-4F12-4D70-92B5-5026D085E701}.Debug|Any CPU.ActiveCfg = Debug|Any CPU
		{B2593323-4F12-4D70-92B5-5026D085E701}.Debug|Any CPU.Build.0 = Debug|Any CPU
		{B2593323-4F12-4D70-92B5-5026D085E701}.Release|Any CPU.ActiveCfg = Release|Any CPU
		{B2593323-4F12-4D70-92B5-5026D085E701}.Release|Any CPU.Build.0 = Release|Any CPU
		{65695FD5-66DF-425B-83EC-025B033568C8}.Debug|Any CPU.ActiveCfg = Debug|Any CPU
		{65695FD5-66DF-425B-83EC-025B033568C8}.Debug|Any CPU.Build.0 = Debug|Any CPU
		{65695FD5-66DF-425B-83EC-025B033568C8}.Release|Any CPU.ActiveCfg = Release|Any CPU
		{65695FD5-66DF-425B-83EC-025B033568C8}.Release|Any CPU.Build.0 = Release|Any CPU
		{CF54EA6A-55FC-4E1C-9CC4-14B5CCF60796}.Debug|Any CPU.ActiveCfg = Debug|Any CPU
		{CF54EA6A-55FC-4E1C-9CC4-14B5CCF60796}.Debug|Any CPU.Build.0 = Debug|Any CPU
		{CF54EA6A-55FC-4E1C-9CC4-14B5CCF60796}.Release|Any CPU.ActiveCfg = Release|Any CPU
		{CF54EA6A-55FC-4E1C-9CC4-14B5CCF60796}.Release|Any CPU.Build.0 = Release|Any CPU
		{C7576355-92BA-4E9C-BE47-05B2B1E3A08B}.Debug|Any CPU.ActiveCfg = Debug|Any CPU
		{C7576355-92BA-4E9C-BE47-05B2B1E3A08B}.Debug|Any CPU.Build.0 = Debug|Any CPU
		{C7576355-92BA-4E9C-BE47-05B2B1E3A08B}.Release|Any CPU.ActiveCfg = Release|Any CPU
		{C7576355-92BA-4E9C-BE47-05B2B1E3A08B}.Release|Any CPU.Build.0 = Release|Any CPU
	EndGlobalSection
	GlobalSection(SolutionProperties) = preSolution
		HideSolutionNode = FALSE
	EndGlobalSection
	GlobalSection(NestedProjects) = preSolution
		{0F52DF13-6A65-4B03-A593-7BF012B60B2C} = {DE29B9FA-A246-43F3-98EA-7D9803C2E3EA}
		{29D38E6D-0321-420A-ACBC-FB382E602F40} = {DE29B9FA-A246-43F3-98EA-7D9803C2E3EA}
		{667B80F3-6978-45CB-AA35-834C105815C3} = {49FC4A9B-681E-4604-88CE-D0EE896865A3}
		{CF849D0A-56F3-4E19-A66E-EE53E80D987F} = {49FC4A9B-681E-4604-88CE-D0EE896865A3}
		{5318F9B5-BF0B-4A13-943B-9C40B0482C14} = {05482880-524F-4123-BAEA-954F491652D0}
		{A0AFD42F-1139-483E-9C18-917646399A11} = {05482880-524F-4123-BAEA-954F491652D0}
		{B2593323-4F12-4D70-92B5-5026D085E701} = {05482880-524F-4123-BAEA-954F491652D0}
		{65695FD5-66DF-425B-83EC-025B033568C8} = {05482880-524F-4123-BAEA-954F491652D0}
		{CF54EA6A-55FC-4E1C-9CC4-14B5CCF60796} = {49FC4A9B-681E-4604-88CE-D0EE896865A3}
		{C7576355-92BA-4E9C-BE47-05B2B1E3A08B} = {49FC4A9B-681E-4604-88CE-D0EE896865A3}
	EndGlobalSection
	GlobalSection(ExtensibilityGlobals) = postSolution
		SolutionGuid = {7AF8D905-8C6C-476B-B54E-A922CC84553D}
	EndGlobalSection
EndGlobal
